
Microsoft Visual Studio Solution File, Format Version 12.00
# Visual Studio Version 16
VisualStudioVersion = 16.0.32901.82
MinimumVisualStudioVersion = 10.0.40219.1
Project("{FAE04EC0-301F-11D3-BF4B-00C04F79EFBC}") = "QUANLYSINHVIEN1", "QUANLYSINHVIEN1.csproj", "{61630A49-F859-4A5F-ACE8-7749A71DD0A8}"
EndProject
Global
	GlobalSection(SolutionConfigurationPlatforms) = preSolution
		Debug|Any CPU = Debug|Any CPU
		Release|Any CPU = Release|Any CPU
	EndGlobalSection
	GlobalSection(ProjectConfigurationPlatforms) = postSolution
		{61630A49-F859-4A5F-ACE8-7749A71DD0A8}.Debug|Any CPU.ActiveCfg = Debug|Any CPU
		{61630A49-F859-4A5F-ACE8-7749A71DD0A8}.Debug|Any CPU.Build.0 = Debug|Any CPU
		{61630A49-F859-4A5F-ACE8-7749A71DD0A8}.Release|Any CPU.ActiveCfg = Release|Any CPU
		{61630A49-F859-4A5F-ACE8-7749A71DD0A8}.Release|Any CPU.Build.0 = Release|Any CPU
	EndGlobalSection
	GlobalSection(SolutionProperties) = preSolution
		HideSolutionNode = FALSE
	EndGlobalSection
	GlobalSection(ExtensibilityGlobals) = postSolution
		SolutionGuid = {910B41EE-DBCB-494C-B455-6BB96C828B5F}
	EndGlobalSection
EndGlobal
